{
  "name": "repositorio-modulo-11",
  "lockfileVersion": 3,
  "requires": true,
  "packages": {
    "": {
      "dependencies": {
        "ibantools": "^4.5.1"
      }
    },
    "node_modules/ibantools": {
      "version": "4.5.1",
      "resolved": "https://registry.npmjs.org/ibantools/-/ibantools-4.5.1.tgz",
      "integrity": "sha512-DfKQpLlFq9yEUIEnFuCJzss3XavD7iHZTU5PyqXiAJ+rmaMp+NFP3hboumHKuK8nZjuOJg93WemTzcQ5b9jOZA==",
      "license": "MIT or MPL-2.0"
    }
  }
}
